hash: 2a640c79258166ba18c0784fd0a34144bfc2e418c9ba2f79111939575ff2372a
updated: 2016-07-25T16:14:58.606986294-07:00
imports:
- name: github.com/acsellers/inflections
  version: cb98bfe9e3ee28e8649778f5fbb2e95f54f71b39
- name: github.com/onsi/ginkgo
  version: 74c678d97c305753605c338c6c78c49ec104b5e7
- name: github.com/onsi/gomega
  version: 9ed8da19f2156b87a803a8fdf6d126f627a12db1
- name: github.com/pmezard/go-difflib
  version: d8ed2627bdf02c080bf22230dbb337003b7aba2d
  subpackages:
  - difflib
- name: golang.org/x/tools
  version: 35c6e68a1a5ffc3e3afef71586710e9b0515582d
  subpackages:
  - go/loader
  - go/ast/astutil
  - go/buildutil
devImports: []
